
Microsoft Visual Studio Solution File, Format Version 11.00
# Visual Studio 2010
Project("{FAE04EC0-301F-11D3-BF4B-00C04F79EFBC}") = "Assembly-CSharp", "Assembly-CSharp.csproj", "{030596B5-562B-FDE8-6AB8-9052D97B8094}"
EndProject
Global
	GlobalSection(SolutionConfigurationPlatforms) = preSolution
		Debug|Any CPU = Debug|Any CPU
		Release|Any CPU = Release|Any CPU
	EndGlobalSection
	GlobalSection(ProjectConfigurationPlatforms) = postSolution
		{030596B5-562B-FDE8-6AB8-9052D97B8094}.Debug|Any CPU.ActiveCfg = Debug|Any CPU
		{030596B5-562B-FDE8-6AB8-9052D97B8094}.Debug|Any CPU.Build.0 = Debug|Any CPU
		{030596B5-562B-FDE8-6AB8-9052D97B8094}.Release|Any CPU.ActiveCfg = Release|Any CPU
		{030596B5-562B-FDE8-6AB8-9052D97B8094}.Release|Any CPU.Build.0 = Release|Any CPU
	EndGlobalSection
	GlobalSection(SolutionProperties) = preSolution
		HideSolutionNode = FALSE
	EndGlobalSection
EndGlobal
